
Microsoft Visual Studio Solution File, Format Version 12.00
# Visual Studio Version 16
VisualStudioVersion = 16.0.30717.126
MinimumVisualStudioVersion = 10.0.40219.1
Project("{2150E333-8FDC-42A3-9474-1A3956D46DE8}") = "Api", "Api", "{DC915CFC-3DCD-458F-B03F-BB75264698F8}"
EndProject
Project("{2150E333-8FDC-42A3-9474-1A3956D46DE8}") = "Framework", "Framework", "{B923987D-01D1-4294-ACE0-AAD55159641E}"
EndProject
Project("{2150E333-8FDC-42A3-9474-1A3956D46DE8}") = "WriteModel", "WriteModel", "{8A4ACF08-7A3C-4945-A7F2-DCF9DF685A09}"
EndProject
Project("{2150E333-8FDC-42A3-9474-1A3956D46DE8}") = "ReadModel", "ReadModel", "{105C3DC2-C6C1-4AFD-A7E1-80DFEEB5BD82}"
EndProject
Project("{2150E333-8FDC-42A3-9474-1A3956D46DE8}") = "UserContext", "UserContext", "{B0BC266D-CBC4-45B6-8A13-0A40FEBB83FF}"
EndProject
Project("{2150E333-8FDC-42A3-9474-1A3956D46DE8}") = "Domain", "Domain", "{1506ACED-0418-425A-A895-11C01591A22C}"
EndProject
Project("{2150E333-8FDC-42A3-9474-1A3956D46DE8}") = "ApplicationService", "ApplicationService", "{AC9A81B2-A1A4-4401-9242-16EF9F6FDF23}"
EndProject
Project("{2150E333-8FDC-42A3-9474-1A3956D46DE8}") = "Facade", "Facade", "{03E79A38-DFCD-47AD-9B6E-04A9D70E697D}"
EndProject
Project("{2150E333-8FDC-42A3-9474-1A3956D46DE8}") = "Infrastracture", "Infrastracture", "{5DDB9D56-67D5-4A29-ACD5-580419E8B9EF}"
EndProject
Project("{9A19103F-16F7-4668-BE54-9A1E7A4F7556}") = "MOMS.UserContext.Domain", "WriteModel\UserContext\Domain\MOMS.UserContext.Domain\MOMS.UserContext.Domain.csproj", "{746EFA19-DE05-4CCD-A08D-62EE21929B40}"
EndProject
Project("{9A19103F-16F7-4668-BE54-9A1E7A4F7556}") = "MOMS.UserContext.DomainService", "WriteModel\UserContext\DomainService\MOMS.UserContext.DomainService\MOMS.UserContext.DomainService.csproj", "{5820502B-6A90-4B38-A7D2-B234D45B927A}"
EndProject
Project("{2150E333-8FDC-42A3-9474-1A3956D46DE8}") = "CustomerContext", "CustomerContext", "{105E00F5-677B-4070-9A2B-14502D7153D1}"
EndProject
Project("{2150E333-8FDC-42A3-9474-1A3956D46DE8}") = "ApplicationService", "ApplicationService", "{D01726A5-1E78-4C51-B1D2-759405366A2D}"
EndProject
Project("{2150E333-8FDC-42A3-9474-1A3956D46DE8}") = "Domain", "Domain", "{60B0E667-D074-4A83-9929-8516CBA5E73D}"
EndProject
Project("{2150E333-8FDC-42A3-9474-1A3956D46DE8}") = "Facade", "Facade", "{CAEA5D3D-0521-4555-BA92-BC4359BF96B4}"
EndProject
Project("{2150E333-8FDC-42A3-9474-1A3956D46DE8}") = "Infrastracture", "Infrastracture", "{49A7DE37-89A1-418D-9EB0-1E2575531B90}"
EndProject
Project("{9A19103F-16F7-4668-BE54-9A1E7A4F7556}") = "MOMS.CustomerContext.Domain", "WriteModel\CustomerContext\Domain\MOMS.CustomerContext.Domain\MOMS.CustomerContext.Domain.csproj", "{F695A693-FF2A-4D57-A8CD-AFD5AEB65253}"
EndProject
Project("{2150E333-8FDC-42A3-9474-1A3956D46DE8}") = "DefinitionContext", "DefinitionContext", "{0C6922BF-D43C-47DA-A81C-D8480744156E}"
EndProject
Project("{2150E333-8FDC-42A3-9474-1A3956D46DE8}") = "Domain", "Domain", "{30FD7EE4-1817-491D-BEE4-C51342C4137A}"
EndProject
Project("{9A19103F-16F7-4668-BE54-9A1E7A4F7556}") = "MOMS.CustomerContext.DomainService", "WriteModel\CustomerContext\DomainService\MOMS.CustomerContext.DomainService\MOMS.CustomerContext.DomainService.csproj", "{1A022EAC-269E-4614-8867-E81C8C23E46C}"
EndProject
Project("{9A19103F-16F7-4668-BE54-9A1E7A4F7556}") = "MOMS.CustomerContext.ApplicationServiceContracts", "WriteModel\CustomerContext\ApplicationServiceContracts\MOMS.CustomerContext.ApplicationServiceContracts\MOMS.CustomerContext.ApplicationServiceContracts.csproj", "{502A9DF5-2D7E-476B-BE7E-366F210D3ED8}"
EndProject
Project("{9A19103F-16F7-4668-BE54-9A1E7A4F7556}") = "MOMS.CustomerContext.Persistence", "WriteModel\CustomerContext\Infrastracture\MOMS.CustomerContext.Persistence\MOMS.CustomerContext.Persistence.csproj", "{8C3985DE-A289-4858-AEB2-C3A98E0D65BD}"
EndProject
Project("{9A19103F-16F7-4668-BE54-9A1E7A4F7556}") = "MOMS.CustomerContext.Facade", "WriteModel\CustomerContext\Facade\MOMS.CustomerContext.Facade\MOMS.CustomerContext.Facade.csproj", "{BCEBC2CD-0CD0-4B13-BDB5-B21E52F1CA08}"
EndProject
Project("{9A19103F-16F7-4668-BE54-9A1E7A4F7556}") = "MOMS.CustomerContext.Facade.Contracts", "WriteModel\CustomerContext\FacadeContracts\MOMS.CustomerContext.Facade.Contracts\MOMS.CustomerContext.Facade.Contracts.csproj", "{DBAD7407-1674-449E-B22D-CA654E787CA9}"
EndProject
Project("{9A19103F-16F7-4668-BE54-9A1E7A4F7556}") = "MOMS.CustomerContext.Configuration", "WriteModel\CustomerContext\MOMS.CustomerContext.Configuration\MOMS.CustomerContext.Configuration.csproj", "{BD35C493-2271-44BE-9AFA-8A465B4BEA08}"
EndProject
Project("{2150E333-8FDC-42A3-9474-1A3956D46DE8}") = "Persistence", "Persistence", "{C9FA40FB-2F71-4DF0-B962-63374F665401}"
EndProject
Project("{9A19103F-16F7-4668-BE54-9A1E7A4F7556}") = "MOMS.Persistence", "WriteModel\MOMS.Persistence\MOMS.Persistence.csproj", "{A0693647-A346-4771-9A6E-7D5A5C52118D}"
EndProject
Project("{9A19103F-16F7-4668-BE54-9A1E7A4F7556}") = "Api", "Api\Api\Api.csproj", "{951F7858-DDD2-41F7-94FF-C8AB4FCEA1B5}"
EndProject
Project("{9A19103F-16F7-4668-BE54-9A1E7A4F7556}") = "Framework.ApplicationService", "Framework\Framework.ApplicationService\Framework.ApplicationService.csproj", "{448B5A66-DA93-4345-B886-CB80CB8D4578}"
EndProject
Project("{9A19103F-16F7-4668-BE54-9A1E7A4F7556}") = "Framework.AssemblyHelper", "Framework\Framework.AssemblyHelper\Framework.AssemblyHelper.csproj", "{201D08C6-6930-4246-AC5B-F73A4734596B}"
EndProject
Project("{9A19103F-16F7-4668-BE54-9A1E7A4F7556}") = "Framework.Core", "Framework\Framework.Core\Framework.Core.csproj", "{6EA2CE44-88AB-45A5-9A04-AD42D4A3F946}"
EndProject
Project("{9A19103F-16F7-4668-BE54-9A1E7A4F7556}") = "framework.DependencyInjection", "Framework\Framework.DependencyInjection\framework.DependencyInjection.csproj", "{A9663531-E337-4D29-A468-AC8700F25F20}"
EndProject
Project("{9A19103F-16F7-4668-BE54-9A1E7A4F7556}") = "Framework.Domain", "Framework\Framework.Domain\Framework.Domain.csproj", "{A22C9475-50AB-4791-A1D4-71085E036E56}"
EndProject
Project("{9A19103F-16F7-4668-BE54-9A1E7A4F7556}") = "Framework.Facade", "Framework\Framework.Facade\Framework.Facade.csproj", "{2D99C3D2-418A-46EB-A73D-404B33B92EFD}"
EndProject
Project("{9A19103F-16F7-4668-BE54-9A1E7A4F7556}") = "Framework.Persistence", "Framework\Framework.Persistence\Framework.Persistence.csproj", "{27BA738A-E358-4422-9C2C-FA7A57DC0B70}"
EndProject
Project("{9A19103F-16F7-4668-BE54-9A1E7A4F7556}") = "MOMS.DefinitionContext.Domain", "WriteModel\DefinitionContext\Domain\MOMS.DefinitionContext.Domain\MOMS.DefinitionContext.Domain.csproj", "{288948F8-D7E1-465E-828C-B63D5C42907F}"
EndProject
Project("{2150E333-8FDC-42A3-9474-1A3956D46DE8}") = "Inftrastracture", "Inftrastracture", "{C86EB97C-0ABA-418C-856C-0EE90A0230B7}"
EndProject
Project("{9A19103F-16F7-4668-BE54-9A1E7A4F7556}") = "MOMS.DefinitionContext.Persistence", "WriteModel\DefinitionContext\Infrastracture\MOMS.DefinitionContext.Persistence\MOMS.DefinitionContext.Persistence.csproj", "{B34F206E-7829-40BF-AE96-6AE299E00874}"
EndProject
Project("{9A19103F-16F7-4668-BE54-9A1E7A4F7556}") = "MOMS.DefinitionContext.Configuration", "WriteModel\DefinitionContext\MOMS.DefinitionContext.Configuration\MOMS.DefinitionContext.Configuration.csproj", "{83414C3A-E596-43E7-B1B8-884C12920EAE}"
EndProject
Project("{9A19103F-16F7-4668-BE54-9A1E7A4F7556}") = "MOMS.CustomerContext.ApplicationService", "WriteModel\CustomerContext\ApplicationService\MOMS.CustomerContext.ApplicationService\MOMS.CustomerContext.ApplicationService.csproj", "{8F03AD1F-5F8D-4CA6-8A63-C336D5484C91}"
EndProject
Project("{2150E333-8FDC-42A3-9474-1A3956D46DE8}") = "Contracts", "Contracts", "{E633A36F-78B4-4554-B046-F31562B5657D}"
EndProject
Project("{FAE04EC0-301F-11D3-BF4B-00C04F79EFBC}") = "MOMS.Contracts", "Contracts\MOMS.Contracts\MOMS.Contracts.csproj", "{519B8F25-DA55-4FFA-B706-5C08C1C9BC8D}"
EndProject
Project("{FAE04EC0-301F-11D3-BF4B-00C04F79EFBC}") = "MOMS.ReadModel.Facade", "ReadModel\MOMS.ReadModel.Facade\MOMS.ReadModel.Facade.csproj", "{CB7BC985-A7B5-44BC-8077-A0B968794286}"
EndProject
Project("{FAE04EC0-301F-11D3-BF4B-00C04F79EFBC}") = "MOMS.ReadModel.Facade.Contracts", "ReadModel\MOMS.ReadModel.Facade.Contracts\MOMS.ReadModel.Facade.Contracts.csproj", "{46ABA975-E8AF-442B-9E7D-0D3864CDF21E}"
EndProject
Project("{FAE04EC0-301F-11D3-BF4B-00C04F79EFBC}") = "MOMS.ReadModel.DataBase", "ReadModel\MOMS.ReadModel.DataBase\MOMS.ReadModel.DataBase.csproj", "{7280C0CA-1F9A-4993-8D65-829BD4150ECF}"
EndProject
Global
	GlobalSection(SolutionConfigurationPlatforms) = preSolution
		Debug|Any CPU = Debug|Any CPU
		Release|Any CPU = Release|Any CPU
	EndGlobalSection
	GlobalSection(ProjectConfigurationPlatforms) = postSolution
		{746EFA19-DE05-4CCD-A08D-62EE21929B40}.Debug|Any CPU.ActiveCfg = Debug|Any CPU
		{746EFA19-DE05-4CCD-A08D-62EE21929B40}.Debug|Any CPU.Build.0 = Debug|Any CPU
		{746EFA19-DE05-4CCD-A08D-62EE21929B40}.Release|Any CPU.ActiveCfg = Release|Any CPU
		{746EFA19-DE05-4CCD-A08D-62EE21929B40}.Release|Any CPU.Build.0 = Release|Any CPU
		{5820502B-6A90-4B38-A7D2-B234D45B927A}.Debug|Any CPU.ActiveCfg = Debug|Any CPU
		{5820502B-6A90-4B38-A7D2-B234D45B927A}.Debug|Any CPU.Build.0 = Debug|Any CPU
		{5820502B-6A90-4B38-A7D2-B234D45B927A}.Release|Any CPU.ActiveCfg = Release|Any CPU
		{5820502B-6A90-4B38-A7D2-B234D45B927A}.Release|Any CPU.Build.0 = Release|Any CPU
		{F695A693-FF2A-4D57-A8CD-AFD5AEB65253}.Debug|Any CPU.ActiveCfg = Debug|Any CPU
		{F695A693-FF2A-4D57-A8CD-AFD5AEB65253}.Debug|Any CPU.Build.0 = Debug|Any CPU
		{F695A693-FF2A-4D57-A8CD-AFD5AEB65253}.Release|Any CPU.ActiveCfg = Release|Any CPU
		{F695A693-FF2A-4D57-A8CD-AFD5AEB65253}.Release|Any CPU.Build.0 = Release|Any CPU
		{1A022EAC-269E-4614-8867-E81C8C23E46C}.Debug|Any CPU.ActiveCfg = Debug|Any CPU
		{1A022EAC-269E-4614-8867-E81C8C23E46C}.Debug|Any CPU.Build.0 = Debug|Any CPU
		{1A022EAC-269E-4614-8867-E81C8C23E46C}.Release|Any CPU.ActiveCfg = Release|Any CPU
		{1A022EAC-269E-4614-8867-E81C8C23E46C}.Release|Any CPU.Build.0 = Release|Any CPU
		{502A9DF5-2D7E-476B-BE7E-366F210D3ED8}.Debug|Any CPU.ActiveCfg = Debug|Any CPU
		{502A9DF5-2D7E-476B-BE7E-366F210D3ED8}.Debug|Any CPU.Build.0 = Debug|Any CPU
		{502A9DF5-2D7E-476B-BE7E-366F210D3ED8}.Release|Any CPU.ActiveCfg = Release|Any CPU
		{502A9DF5-2D7E-476B-BE7E-366F210D3ED8}.Release|Any CPU.Build.0 = Release|Any CPU
		{8C3985DE-A289-4858-AEB2-C3A98E0D65BD}.Debug|Any CPU.ActiveCfg = Debug|Any CPU
		{8C3985DE-A289-4858-AEB2-C3A98E0D65BD}.Debug|Any CPU.Build.0 = Debug|Any CPU
		{8C3985DE-A289-4858-AEB2-C3A98E0D65BD}.Release|Any CPU.ActiveCfg = Release|Any CPU
		{8C3985DE-A289-4858-AEB2-C3A98E0D65BD}.Release|Any CPU.Build.0 = Release|Any CPU
		{BCEBC2CD-0CD0-4B13-BDB5-B21E52F1CA08}.Debug|Any CPU.ActiveCfg = Debug|Any CPU
		{BCEBC2CD-0CD0-4B13-BDB5-B21E52F1CA08}.Debug|Any CPU.Build.0 = Debug|Any CPU
		{BCEBC2CD-0CD0-4B13-BDB5-B21E52F1CA08}.Release|Any CPU.ActiveCfg = Release|Any CPU
		{BCEBC2CD-0CD0-4B13-BDB5-B21E52F1CA08}.Release|Any CPU.Build.0 = Release|Any CPU
		{DBAD7407-1674-449E-B22D-CA654E787CA9}.Debug|Any CPU.ActiveCfg = Debug|Any CPU
		{DBAD7407-1674-449E-B22D-CA654E787CA9}.Debug|Any CPU.Build.0 = Debug|Any CPU
		{DBAD7407-1674-449E-B22D-CA654E787CA9}.Release|Any CPU.ActiveCfg = Release|Any CPU
		{DBAD7407-1674-449E-B22D-CA654E787CA9}.Release|Any CPU.Build.0 = Release|Any CPU
		{BD35C493-2271-44BE-9AFA-8A465B4BEA08}.Debug|Any CPU.ActiveCfg = Debug|Any CPU
		{BD35C493-2271-44BE-9AFA-8A465B4BEA08}.Debug|Any CPU.Build.0 = Debug|Any CPU
		{BD35C493-2271-44BE-9AFA-8A465B4BEA08}.Release|Any CPU.ActiveCfg = Release|Any CPU
		{BD35C493-2271-44BE-9AFA-8A465B4BEA08}.Release|Any CPU.Build.0 = Release|Any CPU
		{A0693647-A346-4771-9A6E-7D5A5C52118D}.Debug|Any CPU.ActiveCfg = Debug|Any CPU
		{A0693647-A346-4771-9A6E-7D5A5C52118D}.Debug|Any CPU.Build.0 = Debug|Any CPU
		{A0693647-A346-4771-9A6E-7D5A5C52118D}.Release|Any CPU.ActiveCfg = Release|Any CPU
		{A0693647-A346-4771-9A6E-7D5A5C52118D}.Release|Any CPU.Build.0 = Release|Any CPU
		{951F7858-DDD2-41F7-94FF-C8AB4FCEA1B5}.Debug|Any CPU.ActiveCfg = Debug|Any CPU
		{951F7858-DDD2-41F7-94FF-C8AB4FCEA1B5}.Debug|Any CPU.Build.0 = Debug|Any CPU
		{951F7858-DDD2-41F7-94FF-C8AB4FCEA1B5}.Release|Any CPU.ActiveCfg = Release|Any CPU
		{951F7858-DDD2-41F7-94FF-C8AB4FCEA1B5}.Release|Any CPU.Build.0 = Release|Any CPU
		{448B5A66-DA93-4345-B886-CB80CB8D4578}.Debug|Any CPU.ActiveCfg = Debug|Any CPU
		{448B5A66-DA93-4345-B886-CB80CB8D4578}.Debug|Any CPU.Build.0 = Debug|Any CPU
		{448B5A66-DA93-4345-B886-CB80CB8D4578}.Release|Any CPU.ActiveCfg = Release|Any CPU
		{448B5A66-DA93-4345-B886-CB80CB8D4578}.Release|Any CPU.Build.0 = Release|Any CPU
		{201D08C6-6930-4246-AC5B-F73A4734596B}.Debug|Any CPU.ActiveCfg = Debug|Any CPU
		{201D08C6-6930-4246-AC5B-F73A4734596B}.Debug|Any CPU.Build.0 = Debug|Any CPU
		{201D08C6-6930-4246-AC5B-F73A4734596B}.Release|Any CPU.ActiveCfg = Release|Any CPU
		{201D08C6-6930-4246-AC5B-F73A4734596B}.Release|Any CPU.Build.0 = Release|Any CPU
		{6EA2CE44-88AB-45A5-9A04-AD42D4A3F946}.Debug|Any CPU.ActiveCfg = Debug|Any CPU
		{6EA2CE44-88AB-45A5-9A04-AD42D4A3F946}.Debug|Any CPU.Build.0 = Debug|Any CPU
		{6EA2CE44-88AB-45A5-9A04-AD42D4A3F946}.Release|Any CPU.ActiveCfg = Release|Any CPU
		{6EA2CE44-88AB-45A5-9A04-AD42D4A3F946}.Release|Any CPU.Build.0 = Release|Any CPU
		{A9663531-E337-4D29-A468-AC8700F25F20}.Debug|Any CPU.ActiveCfg = Debug|Any CPU
		{A9663531-E337-4D29-A468-AC8700F25F20}.Debug|Any CPU.Build.0 = Debug|Any CPU
		{A9663531-E337-4D29-A468-AC8700F25F20}.Release|Any CPU.ActiveCfg = Release|Any CPU
		{A9663531-E337-4D29-A468-AC8700F25F20}.Release|Any CPU.Build.0 = Release|Any CPU
		{A22C9475-50AB-4791-A1D4-71085E036E56}.Debug|Any CPU.ActiveCfg = Debug|Any CPU
		{A22C9475-50AB-4791-A1D4-71085E036E56}.Debug|Any CPU.Build.0 = Debug|Any CPU
		{A22C9475-50AB-4791-A1D4-71085E036E56}.Release|Any CPU.ActiveCfg = Release|Any CPU
		{A22C9475-50AB-4791-A1D4-71085E036E56}.Release|Any CPU.Build.0 = Release|Any CPU
		{2D99C3D2-418A-46EB-A73D-404B33B92EFD}.Debug|Any CPU.ActiveCfg = Debug|Any CPU
		{2D99C3D2-418A-46EB-A73D-404B33B92EFD}.Debug|Any CPU.Build.0 = Debug|Any CPU
		{2D99C3D2-418A-46EB-A73D-404B33B92EFD}.Release|Any CPU.ActiveCfg = Release|Any CPU
		{2D99C3D2-418A-46EB-A73D-404B33B92EFD}.Release|Any CPU.Build.0 = Release|Any CPU
		{27BA738A-E358-4422-9C2C-FA7A57DC0B70}.Debug|Any CPU.ActiveCfg = Debug|Any CPU
		{27BA738A-E358-4422-9C2C-FA7A57DC0B70}.Debug|Any CPU.Build.0 = Debug|Any CPU
		{27BA738A-E358-4422-9C2C-FA7A57DC0B70}.Release|Any CPU.ActiveCfg = Release|Any CPU
		{27BA738A-E358-4422-9C2C-FA7A57DC0B70}.Release|Any CPU.Build.0 = Release|Any CPU
		{288948F8-D7E1-465E-828C-B63D5C42907F}.Debug|Any CPU.ActiveCfg = Debug|Any CPU
		{288948F8-D7E1-465E-828C-B63D5C42907F}.Debug|Any CPU.Build.0 = Debug|Any CPU
		{288948F8-D7E1-465E-828C-B63D5C42907F}.Release|Any CPU.ActiveCfg = Release|Any CPU
		{288948F8-D7E1-465E-828C-B63D5C42907F}.Release|Any CPU.Build.0 = Release|Any CPU
		{B34F206E-7829-40BF-AE96-6AE299E00874}.Debug|Any CPU.ActiveCfg = Debug|Any CPU
		{B34F206E-7829-40BF-AE96-6AE299E00874}.Debug|Any CPU.Build.0 = Debug|Any CPU
		{B34F206E-7829-40BF-AE96-6AE299E00874}.Release|Any CPU.ActiveCfg = Release|Any CPU
		{B34F206E-7829-40BF-AE96-6AE299E00874}.Release|Any CPU.Build.0 = Release|Any CPU
		{83414C3A-E596-43E7-B1B8-884C12920EAE}.Debug|Any CPU.ActiveCfg = Debug|Any CPU
		{83414C3A-E596-43E7-B1B8-884C12920EAE}.Debug|Any CPU.Build.0 = Debug|Any CPU
		{83414C3A-E596-43E7-B1B8-884C12920EAE}.Release|Any CPU.ActiveCfg = Release|Any CPU
		{83414C3A-E596-43E7-B1B8-884C12920EAE}.Release|Any CPU.Build.0 = Release|Any CPU
		{8F03AD1F-5F8D-4CA6-8A63-C336D5484C91}.Debug|Any CPU.ActiveCfg = Debug|Any CPU
		{8F03AD1F-5F8D-4CA6-8A63-C336D5484C91}.Debug|Any CPU.Build.0 = Debug|Any CPU
		{8F03AD1F-5F8D-4CA6-8A63-C336D5484C91}.Release|Any CPU.ActiveCfg = Release|Any CPU
		{8F03AD1F-5F8D-4CA6-8A63-C336D5484C91}.Release|Any CPU.Build.0 = Release|Any CPU
		{519B8F25-DA55-4FFA-B706-5C08C1C9BC8D}.Debug|Any CPU.ActiveCfg = Debug|Any CPU
		{519B8F25-DA55-4FFA-B706-5C08C1C9BC8D}.Debug|Any CPU.Build.0 = Debug|Any CPU
		{519B8F25-DA55-4FFA-B706-5C08C1C9BC8D}.Release|Any CPU.ActiveCfg = Release|Any CPU
		{519B8F25-DA55-4FFA-B706-5C08C1C9BC8D}.Release|Any CPU.Build.0 = Release|Any CPU
		{CB7BC985-A7B5-44BC-8077-A0B968794286}.Debug|Any CPU.ActiveCfg = Debug|Any CPU
		{CB7BC985-A7B5-44BC-8077-A0B968794286}.Debug|Any CPU.Build.0 = Debug|Any CPU
		{CB7BC985-A7B5-44BC-8077-A0B968794286}.Release|Any CPU.ActiveCfg = Release|Any CPU
		{CB7BC985-A7B5-44BC-8077-A0B968794286}.Release|Any CPU.Build.0 = Release|Any CPU
		{46ABA975-E8AF-442B-9E7D-0D3864CDF21E}.Debug|Any CPU.ActiveCfg = Debug|Any CPU
		{46ABA975-E8AF-442B-9E7D-0D3864CDF21E}.Debug|Any CPU.Build.0 = Debug|Any CPU
		{46ABA975-E8AF-442B-9E7D-0D3864CDF21E}.Release|Any CPU.ActiveCfg = Release|Any CPU
		{46ABA975-E8AF-442B-9E7D-0D3864CDF21E}.Release|Any CPU.Build.0 = Release|Any CPU
		{7280C0CA-1F9A-4993-8D65-829BD4150ECF}.Debug|Any CPU.ActiveCfg = Debug|Any CPU
		{7280C0CA-1F9A-4993-8D65-829BD4150ECF}.Debug|Any CPU.Build.0 = Debug|Any CPU
		{7280C0CA-1F9A-4993-8D65-829BD4150ECF}.Release|Any CPU.ActiveCfg = Release|Any CPU
		{7280C0CA-1F9A-4993-8D65-829BD4150ECF}.Release|Any CPU.Build.0 = Release|Any CPU
	EndGlobalSection
	GlobalSection(SolutionProperties) = preSolution
		HideSolutionNode = FALSE
	EndGlobalSection
	GlobalSection(NestedProjects) = preSolution
		{B0BC266D-CBC4-45B6-8A13-0A40FEBB83FF} = {8A4ACF08-7A3C-4945-A7F2-DCF9DF685A09}
		{1506ACED-0418-425A-A895-11C01591A22C} = {B0BC266D-CBC4-45B6-8A13-0A40FEBB83FF}
		{AC9A81B2-A1A4-4401-9242-16EF9F6FDF23} = {B0BC266D-CBC4-45B6-8A13-0A40FEBB83FF}
		{03E79A38-DFCD-47AD-9B6E-04A9D70E697D} = {B0BC266D-CBC4-45B6-8A13-0A40FEBB83FF}
		{5DDB9D56-67D5-4A29-ACD5-580419E8B9EF} = {B0BC266D-CBC4-45B6-8A13-0A40FEBB83FF}
		{746EFA19-DE05-4CCD-A08D-62EE21929B40} = {1506ACED-0418-425A-A895-11C01591A22C}
		{5820502B-6A90-4B38-A7D2-B234D45B927A} = {1506ACED-0418-425A-A895-11C01591A22C}
		{105E00F5-677B-4070-9A2B-14502D7153D1} = {8A4ACF08-7A3C-4945-A7F2-DCF9DF685A09}
		{D01726A5-1E78-4C51-B1D2-759405366A2D} = {105E00F5-677B-4070-9A2B-14502D7153D1}
		{60B0E667-D074-4A83-9929-8516CBA5E73D} = {105E00F5-677B-4070-9A2B-14502D7153D1}
		{CAEA5D3D-0521-4555-BA92-BC4359BF96B4} = {105E00F5-677B-4070-9A2B-14502D7153D1}
		{49A7DE37-89A1-418D-9EB0-1E2575531B90} = {105E00F5-677B-4070-9A2B-14502D7153D1}
		{F695A693-FF2A-4D57-A8CD-AFD5AEB65253} = {60B0E667-D074-4A83-9929-8516CBA5E73D}
		{0C6922BF-D43C-47DA-A81C-D8480744156E} = {8A4ACF08-7A3C-4945-A7F2-DCF9DF685A09}
		{30FD7EE4-1817-491D-BEE4-C51342C4137A} = {0C6922BF-D43C-47DA-A81C-D8480744156E}
		{1A022EAC-269E-4614-8867-E81C8C23E46C} = {60B0E667-D074-4A83-9929-8516CBA5E73D}
		{502A9DF5-2D7E-476B-BE7E-366F210D3ED8} = {D01726A5-1E78-4C51-B1D2-759405366A2D}
		{8C3985DE-A289-4858-AEB2-C3A98E0D65BD} = {49A7DE37-89A1-418D-9EB0-1E2575531B90}
		{BCEBC2CD-0CD0-4B13-BDB5-B21E52F1CA08} = {CAEA5D3D-0521-4555-BA92-BC4359BF96B4}
		{DBAD7407-1674-449E-B22D-CA654E787CA9} = {CAEA5D3D-0521-4555-BA92-BC4359BF96B4}
		{BD35C493-2271-44BE-9AFA-8A465B4BEA08} = {105E00F5-677B-4070-9A2B-14502D7153D1}
		{C9FA40FB-2F71-4DF0-B962-63374F665401} = {8A4ACF08-7A3C-4945-A7F2-DCF9DF685A09}
		{A0693647-A346-4771-9A6E-7D5A5C52118D} = {C9FA40FB-2F71-4DF0-B962-63374F665401}
		{951F7858-DDD2-41F7-94FF-C8AB4FCEA1B5} = {DC915CFC-3DCD-458F-B03F-BB75264698F8}
		{448B5A66-DA93-4345-B886-CB80CB8D4578} = {B923987D-01D1-4294-ACE0-AAD55159641E}
		{201D08C6-6930-4246-AC5B-F73A4734596B} = {B923987D-01D1-4294-ACE0-AAD55159641E}
		{6EA2CE44-88AB-45A5-9A04-AD42D4A3F946} = {B923987D-01D1-4294-ACE0-AAD55159641E}
		{A9663531-E337-4D29-A468-AC8700F25F20} = {B923987D-01D1-4294-ACE0-AAD55159641E}
		{A22C9475-50AB-4791-A1D4-71085E036E56} = {B923987D-01D1-4294-ACE0-AAD55159641E}
		{2D99C3D2-418A-46EB-A73D-404B33B92EFD} = {B923987D-01D1-4294-ACE0-AAD55159641E}
		{27BA738A-E358-4422-9C2C-FA7A57DC0B70} = {B923987D-01D1-4294-ACE0-AAD55159641E}
		{288948F8-D7E1-465E-828C-B63D5C42907F} = {30FD7EE4-1817-491D-BEE4-C51342C4137A}
		{C86EB97C-0ABA-418C-856C-0EE90A0230B7} = {0C6922BF-D43C-47DA-A81C-D8480744156E}
		{B34F206E-7829-40BF-AE96-6AE299E00874} = {C86EB97C-0ABA-418C-856C-0EE90A0230B7}
		{83414C3A-E596-43E7-B1B8-884C12920EAE} = {0C6922BF-D43C-47DA-A81C-D8480744156E}
		{8F03AD1F-5F8D-4CA6-8A63-C336D5484C91} = {D01726A5-1E78-4C51-B1D2-759405366A2D}
		{519B8F25-DA55-4FFA-B706-5C08C1C9BC8D} = {E633A36F-78B4-4554-B046-F31562B5657D}
		{CB7BC985-A7B5-44BC-8077-A0B968794286} = {105C3DC2-C6C1-4AFD-A7E1-80DFEEB5BD82}
		{46ABA975-E8AF-442B-9E7D-0D3864CDF21E} = {105C3DC2-C6C1-4AFD-A7E1-80DFEEB5BD82}
		{7280C0CA-1F9A-4993-8D65-829BD4150ECF} = {105C3DC2-C6C1-4AFD-A7E1-80DFEEB5BD82}
	EndGlobalSection
	GlobalSection(ExtensibilityGlobals) = postSolution
		SolutionGuid = {27AECD83-850B-464A-9D5B-69C691DEE937}
	EndGlobalSection
EndGlobal
